
Microsoft Visual Studio Solution File, Format Version 12.00
# Visual Studio Version 16
VisualStudioVersion = 16.0.30907.101
MinimumVisualStudioVersion = 10.0.40219.1
Project("{FAE04EC0-301F-11D3-BF4B-00C04F79EFBC}") = "Stored Procedures", "Stored Procedures\Stored Procedures.csproj", "{53799A6B-BDCD-413D-A52F-4448FE9C1939}"
EndProject
Global
	GlobalSection(SolutionConfigurationPlatforms) = preSolution
		Debug|Any CPU = Debug|Any CPU
		Release|Any CPU = Release|Any CPU
	EndGlobalSection
	GlobalSection(ProjectConfigurationPlatforms) = postSolution
		{53799A6B-BDCD-413D-A52F-4448FE9C1939}.Debug|Any CPU.ActiveCfg = Debug|Any CPU
		{53799A6B-BDCD-413D-A52F-4448FE9C1939}.Debug|Any CPU.Build.0 = Debug|Any CPU
		{53799A6B-BDCD-413D-A52F-4448FE9C1939}.Release|Any CPU.ActiveCfg = Release|Any CPU
		{53799A6B-BDCD-413D-A52F-4448FE9C1939}.Release|Any CPU.Build.0 = Release|Any CPU
	EndGlobalSection
	GlobalSection(SolutionProperties) = preSolution
		HideSolutionNode = FALSE
	EndGlobalSection
	GlobalSection(ExtensibilityGlobals) = postSolution
		SolutionGuid = {5C0AC007-7399-4EC1-A467-4839C39C89B7}
	EndGlobalSection
EndGlobal
